
Microsoft Visual Studio Solution File, Format Version 12.00
# Visual Studio Version 16
VisualStudioVersion = 16.0.33027.164
MinimumVisualStudioVersion = 10.0.40219.1
Project("{FAE04EC0-301F-11D3-BF4B-00C04F79EFBC}") = "Abstract Class Assignment Submission", "Abstract Class Assignment Submission\Abstract Class Assignment Submission.csproj", "{D493F305-D9EA-41DF-91C1-72ED218AF3A1}"
EndProject
Global
	GlobalSection(SolutionConfigurationPlatforms) = preSolution
		Debug|Any CPU = Debug|Any CPU
		Release|Any CPU = Release|Any CPU
	EndGlobalSection
	GlobalSection(ProjectConfigurationPlatforms) = postSolution
		{D493F305-D9EA-41DF-91C1-72ED218AF3A1}.Debug|Any CPU.ActiveCfg = Debug|Any CPU
		{D493F305-D9EA-41DF-91C1-72ED218AF3A1}.Debug|Any CPU.Build.0 = Debug|Any CPU
		{D493F305-D9EA-41DF-91C1-72ED218AF3A1}.Release|Any CPU.ActiveCfg = Release|Any CPU
		{D493F305-D9EA-41DF-91C1-72ED218AF3A1}.Release|Any CPU.Build.0 = Release|Any CPU
	EndGlobalSection
	GlobalSection(SolutionProperties) = preSolution
		HideSolutionNode = FALSE
	EndGlobalSection
	GlobalSection(ExtensibilityGlobals) = postSolution
		SolutionGuid = {2C9205C6-6408-469C-9892-D05451311426}
	EndGlobalSection
EndGlobal
