
Microsoft Visual Studio Solution File, Format Version 12.00
# Visual Studio Version 16
VisualStudioVersion = 16.0.33027.164
MinimumVisualStudioVersion = 10.0.40219.1
Project("{FAE04EC0-301F-11D3-BF4B-00C04F79EFBC}") = "Lambda Expression Assignment Submission", "Lambda Expression Assignment Submission\Lambda Expression Assignment Submission.csproj", "{13CC6389-3CF4-4A42-B915-21EFC749CF2F}"
EndProject
Global
	GlobalSection(SolutionConfigurationPlatforms) = preSolution
		Debug|Any CPU = Debug|Any CPU
		Release|Any CPU = Release|Any CPU
	EndGlobalSection
	GlobalSection(ProjectConfigurationPlatforms) = postSolution
		{13CC6389-3CF4-4A42-B915-21EFC749CF2F}.Debug|Any CPU.ActiveCfg = Debug|Any CPU
		{13CC6389-3CF4-4A42-B915-21EFC749CF2F}.Debug|Any CPU.Build.0 = Debug|Any CPU
		{13CC6389-3CF4-4A42-B915-21EFC749CF2F}.Release|Any CPU.ActiveCfg = Release|Any CPU
		{13CC6389-3CF4-4A42-B915-21EFC749CF2F}.Release|Any CPU.Build.0 = Release|Any CPU
	EndGlobalSection
	GlobalSection(SolutionProperties) = preSolution
		HideSolutionNode = FALSE
	EndGlobalSection
	GlobalSection(ExtensibilityGlobals) = postSolution
		SolutionGuid = {F0D0768B-89D2-4184-90DF-BEAF53922FE6}
	EndGlobalSection
EndGlobal
